// !$*UTF8*$!
{
	archiveVersion = 1;
	classes = {
	};
	objectVersion = 54;
	objects = {

/* Begin PBXBuildFile section */
		0C80B921A6F3F58F76C31292 /* libPods-Streamline.a in Frameworks */ = {isa = PBXBuildFile; fileRef = 5DCACB8F33CDC322A6C60F78 /* libPods-Streamline.a */; };
		0D1C6B3597484FEE91055CBC /* BeVietnamPro-ExtraLight.ttf in Resources */ = {isa = PBXBuildFile; fileRef = 9D0F9795951046379B0ECA15 /* BeVietnamPro-ExtraLight.ttf */; };
		13B07FBF1A68108700A75B9A /* Images.xcassets in Resources */ = {isa = PBXBuildFile; fileRef = 13B07FB51A68108700A75B9A /* Images.xcassets */; };
		198BC4B0D84F45018FCEE0BB /* BeVietnamPro-ExtraLightItalic.ttf in Resources */ = {isa = PBXBuildFile; fileRef = B2A0DCD0D4DF48C7A41D3DE6 /* BeVietnamPro-ExtraLightItalic.ttf */; };
		1DDA90C38BAB4817B85C714C /* BeVietnamPro-ExtraBoldItalic.ttf in Resources */ = {isa = PBXBuildFile; fileRef = 566770AF79124AC4B19889F7 /* BeVietnamPro-ExtraBoldItalic.ttf */; };
		3F9BC6E6143D4CD38426A282 /* BeVietnamPro-LightItalic.ttf in Resources */ = {isa = PBXBuildFile; fileRef = 72BDC626174D4E8B9F4ED8CC /* BeVietnamPro-LightItalic.ttf */; };
		45A85F7DAB404120982DD9F2 /* BeVietnamPro-MediumItalic.ttf in Resources */ = {isa = PBXBuildFile; fileRef = A7512164EE8348D187EDF866 /* BeVietnamPro-MediumItalic.ttf */; };
		58F02A37BA1542EFBF073553 /* BeVietnamPro-BoldItalic.ttf in Resources */ = {isa = PBXBuildFile; fileRef = D93BA47360E94419844FD802 /* BeVietnamPro-BoldItalic.ttf */; };
		6461E91CAA8B47B29F9D6332 /* BeVietnamPro-Regular.ttf in Resources */ = {isa = PBXBuildFile; fileRef = 1718A6A0A7C945C9A2AD9C6C /* BeVietnamPro-Regular.ttf */; };
		761780ED2CA45674006654EE /* AppDelegate.swift in Sources */ = {isa = PBXBuildFile; fileRef = 761780EC2CA45674006654EE /* AppDelegate.swift */; };
		81AB9BB82411601600AC10FF /* LaunchScreen.storyboard in Resources */ = {isa = PBXBuildFile; fileRef = 81AB9BB72411601600AC10FF /* LaunchScreen.storyboard */; };
		848032428A5D41E398B92CF4 /* BeVietnamPro-ThinItalic.ttf in Resources */ = {isa = PBXBuildFile; fileRef = DB7B86923FFE472391D3E034 /* BeVietnamPro-ThinItalic.ttf */; };
		8670A8C1ACD44040A837E1C6 /* OFL.txt in Resources */ = {isa = PBXBuildFile; fileRef = 5B2B3009EF6E485A849DC91F /* OFL.txt */; };
		8A43C102D857436E83268B9A /* BeVietnamPro-Thin.ttf in Resources */ = {isa = PBXBuildFile; fileRef = 9E6B5C624F824A9E9E85B7CE /* BeVietnamPro-Thin.ttf */; };
		9697CD01184C43389377C2E4 /* BeVietnamPro-ExtraBold.ttf in Resources */ = {isa = PBXBuildFile; fileRef = DBB94A866A9F4A76A758A2FC /* BeVietnamPro-ExtraBold.ttf */; };
		9860BF2045424155AC2CA826 /* BeVietnamPro-Medium.ttf in Resources */ = {isa = PBXBuildFile; fileRef = D5FAC7333CEB46FCB2FB209D /* BeVietnamPro-Medium.ttf */; };
		995CC1F78DB942F6B22F8E82 /* BeVietnamPro-SemiBold.ttf in Resources */ = {isa = PBXBuildFile; fileRef = D022AC3ADCE94B9D87721D21 /* BeVietnamPro-SemiBold.ttf */; };
		9C04E03E1FFE47CFA7D778D4 /* BeVietnamPro-Bold.ttf in Resources */ = {isa = PBXBuildFile; fileRef = 76AFC21A1EF240088AB19C3E /* BeVietnamPro-Bold.ttf */; };
		B3E92F03D2844902A424EE30 /* BeVietnamPro-SemiBoldItalic.ttf in Resources */ = {isa = PBXBuildFile; fileRef = 6C9F4197CFF14B66B4D4D763 /* BeVietnamPro-SemiBoldItalic.ttf */; };
		BD4326FB61094D7EA5939985 /* BeVietnamPro-Italic.ttf in Resources */ = {isa = PBXBuildFile; fileRef = 7B61F4BBF9684565BA3EAD74 /* BeVietnamPro-Italic.ttf */; };
		C10CD1CD736E4C989CA31D17 /* BeVietnamPro-Light.ttf in Resources */ = {isa = PBXBuildFile; fileRef = 2914CE42F182469582CDED64 /* BeVietnamPro-Light.ttf */; };
		C3463B85D7BE4B62B176F23E /* BeVietnamPro-Black.ttf in Resources */ = {isa = PBXBuildFile; fileRef = 78B97ABD4BB14B49AD5380B1 /* BeVietnamPro-Black.ttf */; };
		DE2878FA0D4AD71E4D8F2CC6 /* PrivacyInfo.xcprivacy in Resources */ = {isa = PBXBuildFile; fileRef = 13B07FB81A68108700A75B9A /* PrivacyInfo.xcprivacy */; };
		F165991E2CD645658A41A576 /* BeVietnamPro-BlackItalic.ttf in Resources */ = {isa = PBXBuildFile; fileRef = BBC26A08DE414E619286AB42 /* BeVietnamPro-BlackItalic.ttf */; };
/* End PBXBuildFile section */

/* Begin PBXFileReference section */
		13B07F961A680F5B00A75B9A /* Streamline.app */ = {isa = PBXFileReference; explicitFileType = wrapper.application; includeInIndex = 0; path = Streamline.app; sourceTree = BUILT_PRODUCTS_DIR; };
		13B07FB51A68108700A75B9A /* Images.xcassets */ = {isa = PBXFileReference; lastKnownFileType = folder.assetcatalog; name = Images.xcassets; path = Streamline/Images.xcassets; sourceTree = "<group>"; };
		13B07FB61A68108700A75B9A /* Info.plist */ = {isa = PBXFileReference; fileEncoding = 4; lastKnownFileType = text.plist.xml; name = Info.plist; path = Streamline/Info.plist; sourceTree = "<group>"; };
		13B07FB81A68108700A75B9A /* PrivacyInfo.xcprivacy */ = {isa = PBXFileReference; fileEncoding = 4; lastKnownFileType = text.plist.xml; name = PrivacyInfo.xcprivacy; path = Streamline/PrivacyInfo.xcprivacy; sourceTree = "<group>"; };
		1718A6A0A7C945C9A2AD9C6C /* BeVietnamPro-Regular.ttf */ = {isa = PBXFileReference; explicitFileType = undefined; fileEncoding = undefined; includeInIndex = 0; lastKnownFileType = unknown; name = "BeVietnamPro-Regular.ttf"; path = "../src/assets/fonts/Be_Vietnam_Pro/BeVietnamPro-Regular.ttf"; sourceTree = "<group>"; };
		2914CE42F182469582CDED64 /* BeVietnamPro-Light.ttf */ = {isa = PBXFileReference; explicitFileType = undefined; fileEncoding = undefined; includeInIndex = 0; lastKnownFileType = unknown; name = "BeVietnamPro-Light.ttf"; path = "../src/assets/fonts/Be_Vietnam_Pro/BeVietnamPro-Light.ttf"; sourceTree = "<group>"; };
		3B4392A12AC88292D35C810B /* Pods-Streamline.debug.xcconfig */ = {isa = PBXFileReference; includeInIndex = 1; lastKnownFileType = text.xcconfig; name = "Pods-Streamline.debug.xcconfig"; path = "Target Support Files/Pods-Streamline/Pods-Streamline.debug.xcconfig"; sourceTree = "<group>"; };
		566770AF79124AC4B19889F7 /* BeVietnamPro-ExtraBoldItalic.ttf */ = {isa = PBXFileReference; explicitFileType = undefined; fileEncoding = undefined; includeInIndex = 0; lastKnownFileType = unknown; name = "BeVietnamPro-ExtraBoldItalic.ttf"; path = "../src/assets/fonts/Be_Vietnam_Pro/BeVietnamPro-ExtraBoldItalic.ttf"; sourceTree = "<group>"; };
		5709B34CF0A7D63546082F79 /* Pods-Streamline.release.xcconfig */ = {isa = PBXFileReference; includeInIndex = 1; lastKnownFileType = text.xcconfig; name = "Pods-Streamline.release.xcconfig"; path = "Target Support Files/Pods-Streamline/Pods-Streamline.release.xcconfig"; sourceTree = "<group>"; };
		5B2B3009EF6E485A849DC91F /* OFL.txt */ = {isa = PBXFileReference; explicitFileType = undefined; fileEncoding = undefined; includeInIndex = 0; lastKnownFileType = unknown; name = OFL.txt; path = ../src/assets/fonts/Be_Vietnam_Pro/OFL.txt; sourceTree = "<group>"; };
		5DCACB8F33CDC322A6C60F78 /* libPods-Streamline.a */ = {isa = PBXFileReference; explicitFileType = archive.ar; includeInIndex = 0; path = "libPods-Streamline.a"; sourceTree = BUILT_PRODUCTS_DIR; };
		6C9F4197CFF14B66B4D4D763 /* BeVietnamPro-SemiBoldItalic.ttf */ = {isa = PBXFileReference; explicitFileType = undefined; fileEncoding = undefined; includeInIndex = 0; lastKnownFileType = unknown; name = "BeVietnamPro-SemiBoldItalic.ttf"; path = "../src/assets/fonts/Be_Vietnam_Pro/BeVietnamPro-SemiBoldItalic.ttf"; sourceTree = "<group>"; };
		72BDC626174D4E8B9F4ED8CC /* BeVietnamPro-LightItalic.ttf */ = {isa = PBXFileReference; explicitFileType = undefined; fileEncoding = undefined; includeInIndex = 0; lastKnownFileType = unknown; name = "BeVietnamPro-LightItalic.ttf"; path = "../src/assets/fonts/Be_Vietnam_Pro/BeVietnamPro-LightItalic.ttf"; sourceTree = "<group>"; };
		761780EC2CA45674006654EE /* AppDelegate.swift */ = {isa = PBXFileReference; lastKnownFileType = sourcecode.swift; name = AppDelegate.swift; path = Streamline/AppDelegate.swift; sourceTree = "<group>"; };
		76AFC21A1EF240088AB19C3E /* BeVietnamPro-Bold.ttf */ = {isa = PBXFileReference; explicitFileType = undefined; fileEncoding = undefined; includeInIndex = 0; lastKnownFileType = unknown; name = "BeVietnamPro-Bold.ttf"; path = "../src/assets/fonts/Be_Vietnam_Pro/BeVietnamPro-Bold.ttf"; sourceTree = "<group>"; };
		78B97ABD4BB14B49AD5380B1 /* BeVietnamPro-Black.ttf */ = {isa = PBXFileReference; explicitFileType = undefined; fileEncoding = undefined; includeInIndex = 0; lastKnownFileType = unknown; name = "BeVietnamPro-Black.ttf"; path = "../src/assets/fonts/Be_Vietnam_Pro/BeVietnamPro-Black.ttf"; sourceTree = "<group>"; };
		7B61F4BBF9684565BA3EAD74 /* BeVietnamPro-Italic.ttf */ = {isa = PBXFileReference; explicitFileType = undefined; fileEncoding = undefined; includeInIndex = 0; lastKnownFileType = unknown; name = "BeVietnamPro-Italic.ttf"; path = "../src/assets/fonts/Be_Vietnam_Pro/BeVietnamPro-Italic.ttf"; sourceTree = "<group>"; };
		81AB9BB72411601600AC10FF /* LaunchScreen.storyboard */ = {isa = PBXFileReference; fileEncoding = 4; lastKnownFileType = file.storyboard; name = LaunchScreen.storyboard; path = Streamline/LaunchScreen.storyboard; sourceTree = "<group>"; };
		9D0F9795951046379B0ECA15 /* BeVietnamPro-ExtraLight.ttf */ = {isa = PBXFileReference; explicitFileType = undefined; fileEncoding = undefined; includeInIndex = 0; lastKnownFileType = unknown; name = "BeVietnamPro-ExtraLight.ttf"; path = "../src/assets/fonts/Be_Vietnam_Pro/BeVietnamPro-ExtraLight.ttf"; sourceTree = "<group>"; };
		9E6B5C624F824A9E9E85B7CE /* BeVietnamPro-Thin.ttf */ = {isa = PBXFileReference; explicitFileType = undefined; fileEncoding = undefined; includeInIndex = 0; lastKnownFileType = unknown; name = "BeVietnamPro-Thin.ttf"; path = "../src/assets/fonts/Be_Vietnam_Pro/BeVietnamPro-Thin.ttf"; sourceTree = "<group>"; };
		A7512164EE8348D187EDF866 /* BeVietnamPro-MediumItalic.ttf */ = {isa = PBXFileReference; explicitFileType = undefined; fileEncoding = undefined; includeInIndex = 0; lastKnownFileType = unknown; name = "BeVietnamPro-MediumItalic.ttf"; path = "../src/assets/fonts/Be_Vietnam_Pro/BeVietnamPro-MediumItalic.ttf"; sourceTree = "<group>"; };
		B2A0DCD0D4DF48C7A41D3DE6 /* BeVietnamPro-ExtraLightItalic.ttf */ = {isa = PBXFileReference; explicitFileType = undefined; fileEncoding = undefined; includeInIndex = 0; lastKnownFileType = unknown; name = "BeVietnamPro-ExtraLightItalic.ttf"; path = "../src/assets/fonts/Be_Vietnam_Pro/BeVietnamPro-ExtraLightItalic.ttf"; sourceTree = "<group>"; };
		BBC26A08DE414E619286AB42 /* BeVietnamPro-BlackItalic.ttf */ = {isa = PBXFileReference; explicitFileType = undefined; fileEncoding = undefined; includeInIndex = 0; lastKnownFileType = unknown; name = "BeVietnamPro-BlackItalic.ttf"; path = "../src/assets/fonts/Be_Vietnam_Pro/BeVietnamPro-BlackItalic.ttf"; sourceTree = "<group>"; };
		D022AC3ADCE94B9D87721D21 /* BeVietnamPro-SemiBold.ttf */ = {isa = PBXFileReference; explicitFileType = undefined; fileEncoding = undefined; includeInIndex = 0; lastKnownFileType = unknown; name = "BeVietnamPro-SemiBold.ttf"; path = "../src/assets/fonts/Be_Vietnam_Pro/BeVietnamPro-SemiBold.ttf"; sourceTree = "<group>"; };
		D5FAC7333CEB46FCB2FB209D /* BeVietnamPro-Medium.ttf */ = {isa = PBXFileReference; explicitFileType = undefined; fileEncoding = undefined; includeInIndex = 0; lastKnownFileType = unknown; name = "BeVietnamPro-Medium.ttf"; path = "../src/assets/fonts/Be_Vietnam_Pro/BeVietnamPro-Medium.ttf"; sourceTree = "<group>"; };
		D93BA47360E94419844FD802 /* BeVietnamPro-BoldItalic.ttf */ = {isa = PBXFileReference; explicitFileType = undefined; fileEncoding = undefined; includeInIndex = 0; lastKnownFileType = unknown; name = "BeVietnamPro-BoldItalic.ttf"; path = "../src/assets/fonts/Be_Vietnam_Pro/BeVietnamPro-BoldItalic.ttf"; sourceTree = "<group>"; };
		DB7B86923FFE472391D3E034 /* BeVietnamPro-ThinItalic.ttf */ = {isa = PBXFileReference; explicitFileType = undefined; fileEncoding = undefined; includeInIndex = 0; lastKnownFileType = unknown; name = "BeVietnamPro-ThinItalic.ttf"; path = "../src/assets/fonts/Be_Vietnam_Pro/BeVietnamPro-ThinItalic.ttf"; sourceTree = "<group>"; };
		DBB94A866A9F4A76A758A2FC /* BeVietnamPro-ExtraBold.ttf */ = {isa = PBXFileReference; explicitFileType = undefined; fileEncoding = undefined; includeInIndex = 0; lastKnownFileType = unknown; name = "BeVietnamPro-ExtraBold.ttf"; path = "../src/assets/fonts/Be_Vietnam_Pro/BeVietnamPro-ExtraBold.ttf"; sourceTree = "<group>"; };
		ED297162215061F000B7C4FE /* JavaScriptCore.framework */ = {isa = PBXFileReference; lastKnownFileType = wrapper.framework; name = JavaScriptCore.framework; path = System/Library/Frameworks/JavaScriptCore.framework; sourceTree = SDKROOT; };
/* End PBXFileReference section */

/* Begin PBXFrameworksBuildPhase section */
		13B07F8C1A680F5B00A75B9A /* Frameworks */ = {
			isa = PBXFrameworksBuildPhase;
			buildActionMask = 2147483647;
			files = (
				0C80B921A6F3F58F76C31292 /* libPods-Streamline.a in Frameworks */,
			);
			runOnlyForDeploymentPostprocessing = 0;
		};
/* End PBXFrameworksBuildPhase section */

/* Begin PBXGroup section */
		13B07FAE1A68108700A75B9A /* Streamline */ = {
			isa = PBXGroup;
			children = (
				13B07FB51A68108700A75B9A /* Images.xcassets */,
				761780EC2CA45674006654EE /* AppDelegate.swift */,
				13B07FB61A68108700A75B9A /* Info.plist */,
				81AB9BB72411601600AC10FF /* LaunchScreen.storyboard */,
				13B07FB81A68108700A75B9A /* PrivacyInfo.xcprivacy */,
			);
			name = Streamline;
			sourceTree = "<group>";
		};
		2D16E6871FA4F8E400B85C8A /* Frameworks */ = {
			isa = PBXGroup;
			children = (
				ED297162215061F000B7C4FE /* JavaScriptCore.framework */,
				5DCACB8F33CDC322A6C60F78 /* libPods-Streamline.a */,
			);
			name = Frameworks;
			sourceTree = "<group>";
		};
		832341AE1AAA6A7D00B99B32 /* Libraries */ = {
			isa = PBXGroup;
			children = (
			);
			name = Libraries;
			sourceTree = "<group>";
		};
		83CBB9F61A601CBA00E9B192 = {
			isa = PBXGroup;
			children = (
				13B07FAE1A68108700A75B9A /* Streamline */,
				832341AE1AAA6A7D00B99B32 /* Libraries */,
				83CBBA001A601CBA00E9B192 /* Products */,
				2D16E6871FA4F8E400B85C8A /* Frameworks */,
				BBD78D7AC51CEA395F1C20DB /* Pods */,
				B8ECD501A21B4866A3634154 /* Resources */,
			);
			indentWidth = 2;
			sourceTree = "<group>";
			tabWidth = 2;
			usesTabs = 0;
		};
		83CBBA001A601CBA00E9B192 /* Products */ = {
			isa = PBXGroup;
			children = (
				13B07F961A680F5B00A75B9A /* Streamline.app */,
			);
			name = Products;
			sourceTree = "<group>";
		};
		B8ECD501A21B4866A3634154 /* Resources */ = {
			isa = PBXGroup;
			children = (
				78B97ABD4BB14B49AD5380B1 /* BeVietnamPro-Black.ttf */,
				BBC26A08DE414E619286AB42 /* BeVietnamPro-BlackItalic.ttf */,
				76AFC21A1EF240088AB19C3E /* BeVietnamPro-Bold.ttf */,
				D93BA47360E94419844FD802 /* BeVietnamPro-BoldItalic.ttf */,
				DBB94A866A9F4A76A758A2FC /* BeVietnamPro-ExtraBold.ttf */,
				566770AF79124AC4B19889F7 /* BeVietnamPro-ExtraBoldItalic.ttf */,
				9D0F9795951046379B0ECA15 /* BeVietnamPro-ExtraLight.ttf */,
				B2A0DCD0D4DF48C7A41D3DE6 /* BeVietnamPro-ExtraLightItalic.ttf */,
				7B61F4BBF9684565BA3EAD74 /* BeVietnamPro-Italic.ttf */,
				2914CE42F182469582CDED64 /* BeVietnamPro-Light.ttf */,
				72BDC626174D4E8B9F4ED8CC /* BeVietnamPro-LightItalic.ttf */,
				D5FAC7333CEB46FCB2FB209D /* BeVietnamPro-Medium.ttf */,
				A7512164EE8348D187EDF866 /* BeVietnamPro-MediumItalic.ttf */,
				1718A6A0A7C945C9A2AD9C6C /* BeVietnamPro-Regular.ttf */,
				D022AC3ADCE94B9D87721D21 /* BeVietnamPro-SemiBold.ttf */,
				6C9F4197CFF14B66B4D4D763 /* BeVietnamPro-SemiBoldItalic.ttf */,
				9E6B5C624F824A9E9E85B7CE /* BeVietnamPro-Thin.ttf */,
				DB7B86923FFE472391D3E034 /* BeVietnamPro-ThinItalic.ttf */,
				5B2B3009EF6E485A849DC91F /* OFL.txt */,
			);
			name = Resources;
			path = "";
			sourceTree = "<group>";
		};
		BBD78D7AC51CEA395F1C20DB /* Pods */ = {
			isa = PBXGroup;
			children = (
				3B4392A12AC88292D35C810B /* Pods-Streamline.debug.xcconfig */,
				5709B34CF0A7D63546082F79 /* Pods-Streamline.release.xcconfig */,
			);
			path = Pods;
			sourceTree = "<group>";
		};
/* End PBXGroup section */

/* Begin PBXNativeTarget section */
		13B07F861A680F5B00A75B9A /* Streamline */ = {
			isa = PBXNativeTarget;
			buildConfigurationList = 13B07F931A680F5B00A75B9A /* Build configuration list for PBXNativeTarget "Streamline" */;
			buildPhases = (
				C38B50BA6285516D6DCD4F65 /* [CP] Check Pods Manifest.lock */,
				13B07F871A680F5B00A75B9A /* Sources */,
				13B07F8C1A680F5B00A75B9A /* Frameworks */,
				13B07F8E1A680F5B00A75B9A /* Resources */,
				00DD1BFF1BD5951E006B06BC /* Bundle React Native code and images */,
				00EEFC60759A1932668264C0 /* [CP] Embed Pods Frameworks */,
				E235C05ADACE081382539298 /* [CP] Copy Pods Resources */,
			);
			buildRules = (
			);
			dependencies = (
			);
			name = Streamline;
			productName = Streamline;
			productReference = 13B07F961A680F5B00A75B9A /* Streamline.app */;
			productType = "com.apple.product-type.application";
		};
/* End PBXNativeTarget section */

/* Begin PBXProject section */
		83CBB9F71A601CBA00E9B192 /* Project object */ = {
			isa = PBXProject;
			attributes = {
				LastUpgradeCheck = 1210;
				TargetAttributes = {
					13B07F861A680F5B00A75B9A = {
						LastSwiftMigration = 1120;
					};
				};
			};
			buildConfigurationList = 83CBB9FA1A601CBA00E9B192 /* Build configuration list for PBXProject "Streamline" */;
			compatibilityVersion = "Xcode 12.0";
			developmentRegion = en;
			hasScannedForEncodings = 0;
			knownRegions = (
				en,
				Base,
			);
			mainGroup = 83CBB9F61A601CBA00E9B192;
			productRefGroup = 83CBBA001A601CBA00E9B192 /* Products */;
			projectDirPath = "";
			projectRoot = "";
			targets = (
				13B07F861A680F5B00A75B9A /* Streamline */,
			);
		};
/* End PBXProject section */

/* Begin PBXResourcesBuildPhase section */
		13B07F8E1A680F5B00A75B9A /* Resources */ = {
			isa = PBXResourcesBuildPhase;
			buildActionMask = 2147483647;
			files = (
				81AB9BB82411601600AC10FF /* LaunchScreen.storyboard in Resources */,
				13B07FBF1A68108700A75B9A /* Images.xcassets in Resources */,
				DE2878FA0D4AD71E4D8F2CC6 /* PrivacyInfo.xcprivacy in Resources */,
				C3463B85D7BE4B62B176F23E /* BeVietnamPro-Black.ttf in Resources */,
				F165991E2CD645658A41A576 /* BeVietnamPro-BlackItalic.ttf in Resources */,
				9C04E03E1FFE47CFA7D778D4 /* BeVietnamPro-Bold.ttf in Resources */,
				58F02A37BA1542EFBF073553 /* BeVietnamPro-BoldItalic.ttf in Resources */,
				9697CD01184C43389377C2E4 /* BeVietnamPro-ExtraBold.ttf in Resources */,
				1DDA90C38BAB4817B85C714C /* BeVietnamPro-ExtraBoldItalic.ttf in Resources */,
				0D1C6B3597484FEE91055CBC /* BeVietnamPro-ExtraLight.ttf in Resources */,
				198BC4B0D84F45018FCEE0BB /* BeVietnamPro-ExtraLightItalic.ttf in Resources */,
				BD4326FB61094D7EA5939985 /* BeVietnamPro-Italic.ttf in Resources */,
				C10CD1CD736E4C989CA31D17 /* BeVietnamPro-Light.ttf in Resources */,
				3F9BC6E6143D4CD38426A282 /* BeVietnamPro-LightItalic.ttf in Resources */,
				9860BF2045424155AC2CA826 /* BeVietnamPro-Medium.ttf in Resources */,
				45A85F7DAB404120982DD9F2 /* BeVietnamPro-MediumItalic.ttf in Resources */,
				6461E91CAA8B47B29F9D6332 /* BeVietnamPro-Regular.ttf in Resources */,
				995CC1F78DB942F6B22F8E82 /* BeVietnamPro-SemiBold.ttf in Resources */,
				B3E92F03D2844902A424EE30 /* BeVietnamPro-SemiBoldItalic.ttf in Resources */,
				8A43C102D857436E83268B9A /* BeVietnamPro-Thin.ttf in Resources */,
				848032428A5D41E398B92CF4 /* BeVietnamPro-ThinItalic.ttf in Resources */,
				8670A8C1ACD44040A837E1C6 /* OFL.txt in Resources */,
			);
			runOnlyForDeploymentPostprocessing = 0;
		};
/* End PBXResourcesBuildPhase section */

/* Begin PBXShellScriptBuildPhase section */
		00DD1BFF1BD5951E006B06BC /* Bundle React Native code and images */ = {
			isa = PBXShellScriptBuildPhase;
			buildActionMask = 2147483647;
			files = (
			);
			inputPaths = (
				"$(SRCROOT)/.xcode.env.local",
				"$(SRCROOT)/.xcode.env",
			);
			name = "Bundle React Native code and images";
			outputPaths = (
			);
			runOnlyForDeploymentPostprocessing = 0;
			shellPath = /bin/sh;
			shellScript = "set -e\n\nWITH_ENVIRONMENT=\"$REACT_NATIVE_PATH/scripts/xcode/with-environment.sh\"\nREACT_NATIVE_XCODE=\"$REACT_NATIVE_PATH/scripts/react-native-xcode.sh\"\n\n/bin/sh -c \"$WITH_ENVIRONMENT $REACT_NATIVE_XCODE\"\n";
		};
		00EEFC60759A1932668264C0 /* [CP] Embed Pods Frameworks */ = {
			isa = PBXShellScriptBuildPhase;
			buildActionMask = 2147483647;
			files = (
			);
			inputFileListPaths = (
				"${PODS_ROOT}/Target Support Files/Pods-Streamline/Pods-Streamline-frameworks-${CONFIGURATION}-input-files.xcfilelist",
			);
			name = "[CP] Embed Pods Frameworks";
			outputFileListPaths = (
				"${PODS_ROOT}/Target Support Files/Pods-Streamline/Pods-Streamline-frameworks-${CONFIGURATION}-output-files.xcfilelist",
			);
			runOnlyForDeploymentPostprocessing = 0;
			shellPath = /bin/sh;
			shellScript = "\"${PODS_ROOT}/Target Support Files/Pods-Streamline/Pods-Streamline-frameworks.sh\"\n";
			showEnvVarsInLog = 0;
		};
		C38B50BA6285516D6DCD4F65 /* [CP] Check Pods Manifest.lock */ = {
			isa = PBXShellScriptBuildPhase;
			buildActionMask = 2147483647;
			files = (
			);
			inputFileListPaths = (
			);
			inputPaths = (
				"${PODS_PODFILE_DIR_PATH}/Podfile.lock",
				"${PODS_ROOT}/Manifest.lock",
			);
			name = "[CP] Check Pods Manifest.lock";
			outputFileListPaths = (
			);
			outputPaths = (
				"$(DERIVED_FILE_DIR)/Pods-Streamline-checkManifestLockResult.txt",
			);
			runOnlyForDeploymentPostprocessing = 0;
			shellPath = /bin/sh;
			shellScript = "diff \"${PODS_PODFILE_DIR_PATH}/Podfile.lock\" \"${PODS_ROOT}/Manifest.lock\" > /dev/null\nif [ $? != 0 ] ; then\n    # print error to STDERR\n    echo \"error: The sandbox is not in sync with the Podfile.lock. Run 'pod install' or update your CocoaPods installation.\" >&2\n    exit 1\nfi\n# This output is used by Xcode 'outputs' to avoid re-running this script phase.\necho \"SUCCESS\" > \"${SCRIPT_OUTPUT_FILE_0}\"\n";
			showEnvVarsInLog = 0;
		};
		E235C05ADACE081382539298 /* [CP] Copy Pods Resources */ = {
			isa = PBXShellScriptBuildPhase;
			buildActionMask = 2147483647;
			files = (
			);
			inputFileListPaths = (
				"${PODS_ROOT}/Target Support Files/Pods-Streamline/Pods-Streamline-resources-${CONFIGURATION}-input-files.xcfilelist",
			);
			name = "[CP] Copy Pods Resources";
			outputFileListPaths = (
				"${PODS_ROOT}/Target Support Files/Pods-Streamline/Pods-Streamline-resources-${CONFIGURATION}-output-files.xcfilelist",
			);
			runOnlyForDeploymentPostprocessing = 0;
			shellPath = /bin/sh;
			shellScript = "\"${PODS_ROOT}/Target Support Files/Pods-Streamline/Pods-Streamline-resources.sh\"\n";
			showEnvVarsInLog = 0;
		};
/* End PBXShellScriptBuildPhase section */

/* Begin PBXSourcesBuildPhase section */
		13B07F871A680F5B00A75B9A /* Sources */ = {
			isa = PBXSourcesBuildPhase;
			buildActionMask = 2147483647;
			files = (
				761780ED2CA45674006654EE /* AppDelegate.swift in Sources */,
			);
			runOnlyForDeploymentPostprocessing = 0;
		};
/* End PBXSourcesBuildPhase section */

/* Begin XCBuildConfiguration section */
		13B07F941A680F5B00A75B9A /* Debug */ = {
			isa = XCBuildConfiguration;
			baseConfigurationReference = 3B4392A12AC88292D35C810B /* Pods-Streamline.debug.xcconfig */;
			buildSettings = {
				ASSETCATALOG_COMPILER_APPICON_NAME = AppIcon;
				CLANG_ENABLE_MODULES = YES;
				CURRENT_PROJECT_VERSION = 1;
				ENABLE_BITCODE = NO;
				INFOPLIST_FILE = Streamline/Info.plist;
				IPHONEOS_DEPLOYMENT_TARGET = 15.1;
				LD_RUNPATH_SEARCH_PATHS = (
					"$(inherited)",
					"@executable_path/Frameworks",
				);
				MARKETING_VERSION = 1.0;
				OTHER_LDFLAGS = (
					"$(inherited)",
					"-ObjC",
					"-lc++",
				);
				PRODUCT_BUNDLE_IDENTIFIER = "org.reactjs.native.example.$(PRODUCT_NAME:rfc1034identifier)";
				PRODUCT_NAME = Streamline;
				SWIFT_OPTIMIZATION_LEVEL = "-Onone";
				SWIFT_VERSION = 5.0;
				VERSIONING_SYSTEM = "apple-generic";
			};
			name = Debug;
		};
		13B07F951A680F5B00A75B9A /* Release */ = {
			isa = XCBuildConfiguration;
			baseConfigurationReference = 5709B34CF0A7D63546082F79 /* Pods-Streamline.release.xcconfig */;
			buildSettings = {
				ASSETCATALOG_COMPILER_APPICON_NAME = AppIcon;
				CLANG_ENABLE_MODULES = YES;
				CURRENT_PROJECT_VERSION = 1;
				INFOPLIST_FILE = Streamline/Info.plist;
				IPHONEOS_DEPLOYMENT_TARGET = 15.1;
				LD_RUNPATH_SEARCH_PATHS = (
					"$(inherited)",
					"@executable_path/Frameworks",
				);
				MARKETING_VERSION = 1.0;
				OTHER_LDFLAGS = (
					"$(inherited)",
					"-ObjC",
					"-lc++",
				);
				PRODUCT_BUNDLE_IDENTIFIER = "org.reactjs.native.example.$(PRODUCT_NAME:rfc1034identifier)";
				PRODUCT_NAME = Streamline;
				SWIFT_VERSION = 5.0;
				VERSIONING_SYSTEM = "apple-generic";
			};
			name = Release;
		};
		83CBBA201A601CBA00E9B192 /* Debug */ = {
			isa = XCBuildConfiguration;
			buildSettings = {
				ALWAYS_SEARCH_USER_PATHS = NO;
				CLANG_ANALYZER_LOCALIZABILITY_NONLOCALIZED = YES;
				CLANG_CXX_LANGUAGE_STANDARD = "c++20";
				CLANG_CXX_LIBRARY = "libc++";
				CLANG_ENABLE_MODULES = YES;
				CLANG_ENABLE_OBJC_ARC = YES;
				CLANG_WARN_BLOCK_CAPTURE_AUTORELEASING = YES;
				CLANG_WARN_BOOL_CONVERSION = YES;
				CLANG_WARN_COMMA = YES;
				CLANG_WARN_CONSTANT_CONVERSION = YES;
				CLANG_WARN_DEPRECATED_OBJC_IMPLEMENTATIONS = YES;
				CLANG_WARN_DIRECT_OBJC_ISA_USAGE = YES_ERROR;
				CLANG_WARN_EMPTY_BODY = YES;
				CLANG_WARN_ENUM_CONVERSION = YES;
				CLANG_WARN_INFINITE_RECURSION = YES;
				CLANG_WARN_INT_CONVERSION = YES;
				CLANG_WARN_NON_LITERAL_NULL_CONVERSION = YES;
				CLANG_WARN_OBJC_IMPLICIT_RETAIN_SELF = YES;
				CLANG_WARN_OBJC_LITERAL_CONVERSION = YES;
				CLANG_WARN_OBJC_ROOT_CLASS = YES_ERROR;
				CLANG_WARN_QUOTED_INCLUDE_IN_FRAMEWORK_HEADER = YES;
				CLANG_WARN_RANGE_LOOP_ANALYSIS = YES;
				CLANG_WARN_STRICT_PROTOTYPES = YES;
				CLANG_WARN_SUSPICIOUS_MOVE = YES;
				CLANG_WARN_UNREACHABLE_CODE = YES;
				CLANG_WARN__DUPLICATE_METHOD_MATCH = YES;
				"CODE_SIGN_IDENTITY[sdk=iphoneos*]" = "iPhone Developer";
				COPY_PHASE_STRIP = NO;
				ENABLE_STRICT_OBJC_MSGSEND = YES;
				ENABLE_TESTABILITY = YES;
				"EXCLUDED_ARCHS[sdk=iphonesimulator*]" = "";
				GCC_C_LANGUAGE_STANDARD = gnu99;
				GCC_DYNAMIC_NO_PIC = NO;
				GCC_NO_COMMON_BLOCKS = YES;
				GCC_OPTIMIZATION_LEVEL = 0;
				GCC_PREPROCESSOR_DEFINITIONS = (
					"DEBUG=1",
					"$(inherited)",
				);
				GCC_SYMBOLS_PRIVATE_EXTERN = NO;
				GCC_WARN_64_TO_32_BIT_CONVERSION = YES;
				GCC_WARN_ABOUT_RETURN_TYPE = YES_ERROR;
				GCC_WARN_UNDECLARED_SELECTOR = YES;
				GCC_WARN_UNINITIALIZED_AUTOS = YES_AGGRESSIVE;
				GCC_WARN_UNUSED_FUNCTION = YES;
				GCC_WARN_UNUSED_VARIABLE = YES;
				IPHONEOS_DEPLOYMENT_TARGET = 15.1;
				LD_RUNPATH_SEARCH_PATHS = (
					/usr/lib/swift,
					"$(inherited)",
				);
				LIBRARY_SEARCH_PATHS = (
					"\"$(SDKROOT)/usr/lib/swift\"",
					"\"$(TOOLCHAIN_DIR)/usr/lib/swift/$(PLATFORM_NAME)\"",
					"\"$(inherited)\"",
				);
				MTL_ENABLE_DEBUG_INFO = YES;
				ONLY_ACTIVE_ARCH = YES;
				OTHER_CPLUSPLUSFLAGS = (
					"$(OTHER_CFLAGS)",
					"-DFOLLY_NO_CONFIG",
					"-DFOLLY_MOBILE=1",
					"-DFOLLY_USE_LIBCPP=1",
					"-DFOLLY_CFG_NO_COROUTINES=1",
					"-DFOLLY_HAVE_CLOCK_GETTIME=1",
				);
				OTHER_LDFLAGS = (
					"$(inherited)",
					" ",
				);
				REACT_NATIVE_PATH = "${PODS_ROOT}/../../node_modules/react-native";
				SDKROOT = iphoneos;
				SWIFT_ACTIVE_COMPILATION_CONDITIONS = "$(inherited) DEBUG";
				USE_HERMES = true;
			};
			name = Debug;
		};
		83CBBA211A601CBA00E9B192 /* Release */ = {
			isa = XCBuildConfiguration;
			buildSettings = {
				ALWAYS_SEARCH_USER_PATHS = NO;
				CLANG_ANALYZER_LOCALIZABILITY_NONLOCALIZED = YES;
				CLANG_CXX_LANGUAGE_STANDARD = "c++20";
				CLANG_CXX_LIBRARY = "libc++";
				CLANG_ENABLE_MODULES = YES;
				CLANG_ENABLE_OBJC_ARC = YES;
				CLANG_WARN_BLOCK_CAPTURE_AUTORELEASING = YES;
				CLANG_WARN_BOOL_CONVERSION = YES;
				CLANG_WARN_COMMA = YES;
				CLANG_WARN_CONSTANT_CONVERSION = YES;
				CLANG_WARN_DEPRECATED_OBJC_IMPLEMENTATIONS = YES;
				CLANG_WARN_DIRECT_OBJC_ISA_USAGE = YES_ERROR;
				CLANG_WARN_EMPTY_BODY = YES;
				CLANG_WARN_ENUM_CONVERSION = YES;
				CLANG_WARN_INFINITE_RECURSION = YES;
				CLANG_WARN_INT_CONVERSION = YES;
				CLANG_WARN_NON_LITERAL_NULL_CONVERSION = YES;
				CLANG_WARN_OBJC_IMPLICIT_RETAIN_SELF = YES;
				CLANG_WARN_OBJC_LITERAL_CONVERSION = YES;
				CLANG_WARN_OBJC_ROOT_CLASS = YES_ERROR;
				CLANG_WARN_QUOTED_INCLUDE_IN_FRAMEWORK_HEADER = YES;
				CLANG_WARN_RANGE_LOOP_ANALYSIS = YES;
				CLANG_WARN_STRICT_PROTOTYPES = YES;
				CLANG_WARN_SUSPICIOUS_MOVE = YES;
				CLANG_WARN_UNREACHABLE_CODE = YES;
				CLANG_WARN__DUPLICATE_METHOD_MATCH = YES;
				"CODE_SIGN_IDENTITY[sdk=iphoneos*]" = "iPhone Developer";
				COPY_PHASE_STRIP = YES;
				ENABLE_NS_ASSERTIONS = NO;
				ENABLE_STRICT_OBJC_MSGSEND = YES;
				"EXCLUDED_ARCHS[sdk=iphonesimulator*]" = "";
				GCC_C_LANGUAGE_STANDARD = gnu99;
				GCC_NO_COMMON_BLOCKS = YES;
				GCC_WARN_64_TO_32_BIT_CONVERSION = YES;
				GCC_WARN_ABOUT_RETURN_TYPE = YES_ERROR;
				GCC_WARN_UNDECLARED_SELECTOR = YES;
				GCC_WARN_UNINITIALIZED_AUTOS = YES_AGGRESSIVE;
				GCC_WARN_UNUSED_FUNCTION = YES;
				GCC_WARN_UNUSED_VARIABLE = YES;
				IPHONEOS_DEPLOYMENT_TARGET = 15.1;
				LD_RUNPATH_SEARCH_PATHS = (
					/usr/lib/swift,
					"$(inherited)",
				);
				LIBRARY_SEARCH_PATHS = (
					"\"$(SDKROOT)/usr/lib/swift\"",
					"\"$(TOOLCHAIN_DIR)/usr/lib/swift/$(PLATFORM_NAME)\"",
					"\"$(inherited)\"",
				);
				MTL_ENABLE_DEBUG_INFO = NO;
				OTHER_CPLUSPLUSFLAGS = (
					"$(OTHER_CFLAGS)",
					"-DFOLLY_NO_CONFIG",
					"-DFOLLY_MOBILE=1",
					"-DFOLLY_USE_LIBCPP=1",
					"-DFOLLY_CFG_NO_COROUTINES=1",
					"-DFOLLY_HAVE_CLOCK_GETTIME=1",
				);
				OTHER_LDFLAGS = (
					"$(inherited)",
					" ",
				);
				REACT_NATIVE_PATH = "${PODS_ROOT}/../../node_modules/react-native";
				SDKROOT = iphoneos;
				USE_HERMES = true;
				VALIDATE_PRODUCT = YES;
			};
			name = Release;
		};
/* End XCBuildConfiguration section */

/* Begin XCConfigurationList section */
		13B07F931A680F5B00A75B9A /* Build configuration list for PBXNativeTarget "Streamline" */ = {
			isa = XCConfigurationList;
			buildConfigurations = (
				13B07F941A680F5B00A75B9A /* Debug */,
				13B07F951A680F5B00A75B9A /* Release */,
			);
			defaultConfigurationIsVisible = 0;
			defaultConfigurationName = Release;
		};
		83CBB9FA1A601CBA00E9B192 /* Build configuration list for PBXProject "Streamline" */ = {
			isa = XCConfigurationList;
			buildConfigurations = (
				83CBBA201A601CBA00E9B192 /* Debug */,
				83CBBA211A601CBA00E9B192 /* Release */,
			);
			defaultConfigurationIsVisible = 0;
			defaultConfigurationName = Release;
		};
/* End XCConfigurationList section */
	};
	rootObject = 83CBB9F71A601CBA00E9B192 /* Project object */;
}
